
Microsoft Visual Studio Solution File, Format Version 12.00
# Visual Studio Version 17
VisualStudioVersion = 17.0.32014.148
MinimumVisualStudioVersion = 10.0.40219.1
Project("{9A19103F-16F7-4668-BE54-9A1E7A4F7556}") = "Entra21.ExemplosWhile", "Entra21.ExemplosWhile\Entra21.ExemplosWhile.csproj", "{E64532B5-DA54-4F0B-867F-518087CB25ED}"
EndProject
Project("{9A19103F-16F7-4668-BE54-9A1E7A4F7556}") = "Entra21.ExerciciosWhile", "Entra21.Exercicios\Entra21.ExerciciosWhile.csproj", "{BEC23D40-843A-4125-86AB-0E6102A5F402}"
EndProject
Project("{9A19103F-16F7-4668-BE54-9A1E7A4F7556}") = "Entra21.ExerciciosForTry", "Entra21.ExerciciosForTry\Entra21.ExerciciosForTry.csproj", "{C80B41DA-41F3-4AF6-97E8-A12C50CC52CE}"
EndProject
Project("{9A19103F-16F7-4668-BE54-9A1E7A4F7556}") = "Entra21.ExemploVetor", "Entra21.ExemploVetor\Entra21.ExemploVetor.csproj", "{19EA878D-EE3B-4C78-8D0A-FF67F418F865}"
EndProject
Project("{9A19103F-16F7-4668-BE54-9A1E7A4F7556}") = "Entra21.ExerciciosVetor", "Entra21.ExerciciosVetor\Entra21.ExerciciosVetor.csproj", "{1AE91B19-E740-43AC-B0E3-B77C9C4C9C0E}"
EndProject
Project("{9A19103F-16F7-4668-BE54-9A1E7A4F7556}") = "Entra21.ExemplosOrientacaoObjetos", "Entra21.ExemplosOrientacaoObjetos\Entra21.ExemplosOrientacaoObjetos.csproj", "{AE1F4446-7F0F-4970-8C6C-3C740D987EFA}"
EndProject
Project("{9A19103F-16F7-4668-BE54-9A1E7A4F7556}") = "Entra21.ExemplosOrientacaoObjetos.Tests", "Entra21.ExemplosOrientacaoObjetos.Tests\Entra21.ExemplosOrientacaoObjetos.Tests.csproj", "{B7A954B2-89D8-43FB-B9DB-A9B6F7A7D4C0}"
EndProject
Project("{9A19103F-16F7-4668-BE54-9A1E7A4F7556}") = "Entra21.ExerciciosOrientacaoObjetos", "Entra21.ExerciciosOrientacaoObjetos\Entra21.ExerciciosOrientacaoObjetos.csproj", "{A02F3CC7-5883-4414-AB1E-CF35809105DF}"
EndProject
Project("{9A19103F-16F7-4668-BE54-9A1E7A4F7556}") = "Entra21.ExerciciosOrientacaoObjetos.Tests", "Entra21.ExerciciosOrientacaoObjetos.Tests\Entra21.ExerciciosOrientacaoObjetos.Tests.csproj", "{6BA8E41D-AF4C-4497-9206-43AED334285A}"
EndProject
Project("{9A19103F-16F7-4668-BE54-9A1E7A4F7556}") = "Entra21.ExerciciosList", "Entra21.ExerciciosList\Entra21.ExerciciosList.csproj", "{29D8342C-060F-4387-951E-8065B044520A}"
EndProject
Project("{9A19103F-16F7-4668-BE54-9A1E7A4F7556}") = "Entra21.ExemplosListObjetos", "Entra21.ExemplosListObjetos\Entra21.ExemplosListObjetos.csproj", "{CBDDF17E-4873-4B93-A5D6-FA3854474A2E}"
EndProject
Project("{9A19103F-16F7-4668-BE54-9A1E7A4F7556}") = "Entra21.ExerciciosListObjetos", "Entra21.ExerciciosListObjetos\Entra21.ExerciciosListObjetos.csproj", "{5CC54E2C-5607-43C6-9ABB-C8E50A7D4C47}"
EndProject
Project("{FAE04EC0-301F-11D3-BF4B-00C04F79EFBC}") = "Entra21.ExemplosWindowsForms", "Entra21.ExemplosWindowsForms\Entra21.ExemplosWindowsForms.csproj", "{7309BCD9-B48E-4CD0-A0B7-769512D6D81F}"
EndProject
Global
	GlobalSection(SolutionConfigurationPlatforms) = preSolution
		Debug|Any CPU = Debug|Any CPU
		Release|Any CPU = Release|Any CPU
	EndGlobalSection
	GlobalSection(ProjectConfigurationPlatforms) = postSolution
		{E64532B5-DA54-4F0B-867F-518087CB25ED}.Debug|Any CPU.ActiveCfg = Debug|Any CPU
		{E64532B5-DA54-4F0B-867F-518087CB25ED}.Debug|Any CPU.Build.0 = Debug|Any CPU
		{E64532B5-DA54-4F0B-867F-518087CB25ED}.Release|Any CPU.ActiveCfg = Release|Any CPU
		{E64532B5-DA54-4F0B-867F-518087CB25ED}.Release|Any CPU.Build.0 = Release|Any CPU
		{BEC23D40-843A-4125-86AB-0E6102A5F402}.Debug|Any CPU.ActiveCfg = Debug|Any CPU
		{BEC23D40-843A-4125-86AB-0E6102A5F402}.Debug|Any CPU.Build.0 = Debug|Any CPU
		{BEC23D40-843A-4125-86AB-0E6102A5F402}.Release|Any CPU.ActiveCfg = Release|Any CPU
		{BEC23D40-843A-4125-86AB-0E6102A5F402}.Release|Any CPU.Build.0 = Release|Any CPU
		{C80B41DA-41F3-4AF6-97E8-A12C50CC52CE}.Debug|Any CPU.ActiveCfg = Debug|Any CPU
		{C80B41DA-41F3-4AF6-97E8-A12C50CC52CE}.Debug|Any CPU.Build.0 = Debug|Any CPU
		{C80B41DA-41F3-4AF6-97E8-A12C50CC52CE}.Release|Any CPU.ActiveCfg = Release|Any CPU
		{C80B41DA-41F3-4AF6-97E8-A12C50CC52CE}.Release|Any CPU.Build.0 = Release|Any CPU
		{19EA878D-EE3B-4C78-8D0A-FF67F418F865}.Debug|Any CPU.ActiveCfg = Debug|Any CPU
		{19EA878D-EE3B-4C78-8D0A-FF67F418F865}.Debug|Any CPU.Build.0 = Debug|Any CPU
		{19EA878D-EE3B-4C78-8D0A-FF67F418F865}.Release|Any CPU.ActiveCfg = Release|Any CPU
		{19EA878D-EE3B-4C78-8D0A-FF67F418F865}.Release|Any CPU.Build.0 = Release|Any CPU
		{1AE91B19-E740-43AC-B0E3-B77C9C4C9C0E}.Debug|Any CPU.ActiveCfg = Debug|Any CPU
		{1AE91B19-E740-43AC-B0E3-B77C9C4C9C0E}.Debug|Any CPU.Build.0 = Debug|Any CPU
		{1AE91B19-E740-43AC-B0E3-B77C9C4C9C0E}.Release|Any CPU.ActiveCfg = Release|Any CPU
		{1AE91B19-E740-43AC-B0E3-B77C9C4C9C0E}.Release|Any CPU.Build.0 = Release|Any CPU
		{AE1F4446-7F0F-4970-8C6C-3C740D987EFA}.Debug|Any CPU.ActiveCfg = Debug|Any CPU
		{AE1F4446-7F0F-4970-8C6C-3C740D987EFA}.Debug|Any CPU.Build.0 = Debug|Any CPU
		{AE1F4446-7F0F-4970-8C6C-3C740D987EFA}.Release|Any CPU.ActiveCfg = Release|Any CPU
		{AE1F4446-7F0F-4970-8C6C-3C740D987EFA}.Release|Any CPU.Build.0 = Release|Any CPU
		{B7A954B2-89D8-43FB-B9DB-A9B6F7A7D4C0}.Debug|Any CPU.ActiveCfg = Debug|Any CPU
		{B7A954B2-89D8-43FB-B9DB-A9B6F7A7D4C0}.Debug|Any CPU.Build.0 = Debug|Any CPU
		{B7A954B2-89D8-43FB-B9DB-A9B6F7A7D4C0}.Release|Any CPU.ActiveCfg = Release|Any CPU
		{B7A954B2-89D8-43FB-B9DB-A9B6F7A7D4C0}.Release|Any CPU.Build.0 = Release|Any CPU
		{A02F3CC7-5883-4414-AB1E-CF35809105DF}.Debug|Any CPU.ActiveCfg = Debug|Any CPU
		{A02F3CC7-5883-4414-AB1E-CF35809105DF}.Debug|Any CPU.Build.0 = Debug|Any CPU
		{A02F3CC7-5883-4414-AB1E-CF35809105DF}.Release|Any CPU.ActiveCfg = Release|Any CPU
		{A02F3CC7-5883-4414-AB1E-CF35809105DF}.Release|Any CPU.Build.0 = Release|Any CPU
		{6BA8E41D-AF4C-4497-9206-43AED334285A}.Debug|Any CPU.ActiveCfg = Debug|Any CPU
		{6BA8E41D-AF4C-4497-9206-43AED334285A}.Debug|Any CPU.Build.0 = Debug|Any CPU
		{6BA8E41D-AF4C-4497-9206-43AED334285A}.Release|Any CPU.ActiveCfg = Release|Any CPU
		{6BA8E41D-AF4C-4497-9206-43AED334285A}.Release|Any CPU.Build.0 = Release|Any CPU
		{29D8342C-060F-4387-951E-8065B044520A}.Debug|Any CPU.ActiveCfg = Debug|Any CPU
		{29D8342C-060F-4387-951E-8065B044520A}.Debug|Any CPU.Build.0 = Debug|Any CPU
		{29D8342C-060F-4387-951E-8065B044520A}.Release|Any CPU.ActiveCfg = Release|Any CPU
		{29D8342C-060F-4387-951E-8065B044520A}.Release|Any CPU.Build.0 = Release|Any CPU
		{CBDDF17E-4873-4B93-A5D6-FA3854474A2E}.Debug|Any CPU.ActiveCfg = Debug|Any CPU
		{CBDDF17E-4873-4B93-A5D6-FA3854474A2E}.Debug|Any CPU.Build.0 = Debug|Any CPU
		{CBDDF17E-4873-4B93-A5D6-FA3854474A2E}.Release|Any CPU.ActiveCfg = Release|Any CPU
		{CBDDF17E-4873-4B93-A5D6-FA3854474A2E}.Release|Any CPU.Build.0 = Release|Any CPU
		{5CC54E2C-5607-43C6-9ABB-C8E50A7D4C47}.Debug|Any CPU.ActiveCfg = Debug|Any CPU
		{5CC54E2C-5607-43C6-9ABB-C8E50A7D4C47}.Debug|Any CPU.Build.0 = Debug|Any CPU
		{5CC54E2C-5607-43C6-9ABB-C8E50A7D4C47}.Release|Any CPU.ActiveCfg = Release|Any CPU
		{5CC54E2C-5607-43C6-9ABB-C8E50A7D4C47}.Release|Any CPU.Build.0 = Release|Any CPU
		{7309BCD9-B48E-4CD0-A0B7-769512D6D81F}.Debug|Any CPU.ActiveCfg = Debug|Any CPU
		{7309BCD9-B48E-4CD0-A0B7-769512D6D81F}.Debug|Any CPU.Build.0 = Debug|Any CPU
		{7309BCD9-B48E-4CD0-A0B7-769512D6D81F}.Release|Any CPU.ActiveCfg = Release|Any CPU
		{7309BCD9-B48E-4CD0-A0B7-769512D6D81F}.Release|Any CPU.Build.0 = Release|Any CPU
	EndGlobalSection
	GlobalSection(SolutionProperties) = preSolution
		HideSolutionNode = FALSE
	EndGlobalSection
	GlobalSection(ExtensibilityGlobals) = postSolution
		SolutionGuid = {5DB3CD16-4953-4815-89F2-D28FBC2F8723}
	EndGlobalSection
EndGlobal
